
Microsoft Visual Studio Solution File, Format Version 12.00
# Visual Studio Version 17
VisualStudioVersion = 17.11.35303.130
MinimumVisualStudioVersion = 10.0.40219.1
Project("{FAE04EC0-301F-11D3-BF4B-00C04F79EFBC}") = "Evaluacion", "Evaluacion\Evaluacion.csproj", "{72C14161-23BE-49AE-B938-B69863DEA267}"
EndProject
Global
	GlobalSection(SolutionConfigurationPlatforms) = preSolution
		Debug|Any CPU = Debug|Any CPU
		Release|Any CPU = Release|Any CPU
	EndGlobalSection
	GlobalSection(ProjectConfigurationPlatforms) = postSolution
		{72C14161-23BE-49AE-B938-B69863DEA267}.Debug|Any CPU.ActiveCfg = Debug|Any CPU
		{72C14161-23BE-49AE-B938-B69863DEA267}.Debug|Any CPU.Build.0 = Debug|Any CPU
		{72C14161-23BE-49AE-B938-B69863DEA267}.Release|Any CPU.ActiveCfg = Release|Any CPU
		{72C14161-23BE-49AE-B938-B69863DEA267}.Release|Any CPU.Build.0 = Release|Any CPU
	EndGlobalSection
	GlobalSection(SolutionProperties) = preSolution
		HideSolutionNode = FALSE
	EndGlobalSection
	GlobalSection(ExtensibilityGlobals) = postSolution
		SolutionGuid = {79936214-8A10-4D50-8E71-5AEEBC1BA988}
	EndGlobalSection
EndGlobal
